{
  "name": "bmad-next",
  "version": "0.1.0",
  "lockfileVersion": 3,
  "requires": true,
  "packages": {
    "": {
      "name": "bmad-next",
      "version": "0.1.0",
      "license": "MIT",
      "workspaces": [
        "packages/*"
      ],
      "dependencies": {
        "opencode-ai": "1.18.25"
      },
      "devDependencies": {
        "@types/node": "^22.15.21",
        "@types/vscode": "^1.99.0",
        "typescript": "^5.8.3"
      },
      "engines": {
        "node": ">=22"
      }
    },
    "node_modules/@bmad-next/cli": {
      "resolved": "packages/cli",
      "link": true
    },
    "node_modules/@bmad-next/control-plane": {
      "resolved": "packages/control-plane",
      "link": true
    },
    "node_modules/@types/node": {
      "version": "22.20.4",
      "resolved": "https://registry.npmjs.org/@types/node/-/node-22.20.4.tgz",
      "integrity": "sha512-zJRE40jpHtKqE/C4fgHrAKQLJuSpzEnP9ff9Y7YtoR3Wd2pwqzlekDeEuUQXjRd+QCYnVnNwuJYmhdk9XV8gvA==",
      "dev": true,
      "license": "MIT",
      "dependencies": {
        "undici-types": "~6.21.0"
      }
    },
    "node_modules/@types/vscode": {
      "version": "1.138.0",
      "resolved": "https://registry.npmjs.org/@types/vscode/-/vscode-1.138.0.tgz",
      "integrity": "sha512-DhlvrucJa8n6EHst7qQcXOcjLKs/VRTQy55plLO+RN74jonYsr/t9dd66zBnAyz1tpDig0okQAxuoPHpVNje2g==",
      "dev": true,
      "license": "MIT"
    },
    "node_modules/bmad-next-vscode": {
      "resolved": "packages/vscode",
      "link": true
    },
    "node_modules/opencode-ai": {
      "version": "1.18.25",
      "resolved": "https://registry.npmjs.org/opencode-ai/-/opencode-ai-1.18.25.tgz",
      "integrity": "sha512-pS4RKJ9eKwU7Dp5G5pdj1rhMnpG5APixXzfTKNoFqv9aFVI36Rnza2jESvKifxyPZlsA65MQB03WCArY0EK6mg==",
      "cpu": [
        "arm64",
        "x64"
      ],
      "hasInstallScript": true,
      "license": "MIT",
      "os": [
        "darwin",
        "linux",
        "win32"
      ],
      "bin": {
        "opencode": "bin/opencode.exe"
      },
      "optionalDependencies": {
        "opencode-darwin-arm64": "1.18.25",
        "opencode-darwin-x64": "1.18.25",
        "opencode-darwin-x64-baseline": "1.18.25",
        "opencode-linux-arm64": "1.18.25",
        "opencode-linux-arm64-musl": "1.18.25",
        "opencode-linux-x64": "1.18.25",
        "opencode-linux-x64-baseline": "1.18.25",
        "opencode-linux-x64-baseline-musl": "1.18.25",
        "opencode-linux-x64-musl": "1.18.25",
        "opencode-windows-arm64": "1.18.25",
        "opencode-windows-x64": "1.18.25",
        "opencode-windows-x64-baseline": "1.18.25"
      }
    },
    "node_modules/opencode-darwin-arm64": {
      "version": "1.18.25",
      "resolved": "https://registry.npmjs.org/opencode-darwin-arm64/-/opencode-darwin-arm64-1.18.25.tgz",
      "integrity": "sha512-W4dyMFtHBglWZ1SEooh3Ke9v1M9lv945Y58atb8e1yKII8YykJ8LknOFyKipYC028oPDO4IZc3GYGKbg9PCg2w==",
      "cpu": [
        "arm64"
      ],
      "optional": true,
      "os": [
        "darwin"
      ]
    },
    "node_modules/opencode-darwin-x64": {
      "version": "1.18.25",
      "resolved": "https://registry.npmjs.org/opencode-darwin-x64/-/opencode-darwin-x64-1.18.25.tgz",
      "integrity": "sha512-YYKrfeUSJhD7hZl+yNmayS51sDwxiE9o5XwrfgYSSie6sOyHFc9Ei13VBkVU6T+IJHhFhTahOFAwSDxggrAnGA==",
      "cpu": [
        "x64"
      ],
      "optional": true,
      "os": [
        "darwin"
      ]
    },
    "node_modules/opencode-darwin-x64-baseline": {
      "version": "1.18.25",
      "resolved": "https://registry.npmjs.org/opencode-darwin-x64-baseline/-/opencode-darwin-x64-baseline-1.18.25.tgz",
      "integrity": "sha512-rRgTaoTeIN2diL1e1HGZ48Zh4ynMDEB1jYjD76LaFUVzMwakEY1i7NvG8e/rbjRMDkgXIr6TwzCtIMcMOpLQMA==",
      "cpu": [
        "x64"
      ],
      "optional": true,
      "os": [
        "darwin"
      ]
    },
    "node_modules/opencode-linux-arm64": {
      "version": "1.18.25",
      "resolved": "https://registry.npmjs.org/opencode-linux-arm64/-/opencode-linux-arm64-1.18.25.tgz",
      "integrity": "sha512-PMvcpFpha3yAhaVCC0QbegHPxsEZ0FuQf+52PXvqQut1r3w1l1Pilor9tUA7TyCRa4UokACI90nTmKmtMnQBag==",
      "cpu": [
        "arm64"
      ],
      "optional": true,
      "os": [
        "linux"
      ]
    },
    "node_modules/opencode-linux-arm64-musl": {
      "version": "1.18.25",
      "resolved": "https://registry.npmjs.org/opencode-linux-arm64-musl/-/opencode-linux-arm64-musl-1.18.25.tgz",
      "integrity": "sha512-IwIPKmNwIjLshlSgjoRLKFwxxiLpZ5Y0zjv6r456RQtJKK62IbYGXkCm3AiSZ/lqGsu3XF+xn/Xza29ivgpgcg==",
      "cpu": [
        "arm64"
      ],
      "libc": [
        "musl"
      ],
      "optional": true,
      "os": [
        "linux"
      ]
    },
    "node_modules/opencode-linux-x64": {
      "version": "1.18.25",
      "resolved": "https://registry.npmjs.org/opencode-linux-x64/-/opencode-linux-x64-1.18.25.tgz",
      "integrity": "sha512-bdRSJ6gbK/EnLNWxROOQYXFXiUeqeFxGz8DIO8LCqnii99A2OWFAyZ3Da5gpvfT1Yrp9/lYL55n/tM3ale5smg==",
      "cpu": [
        "x64"
      ],
      "optional": true,
      "os": [
        "linux"
      ]
    },
    "node_modules/opencode-linux-x64-baseline": {
      "version": "1.18.25",
      "resolved": "https://registry.npmjs.org/opencode-linux-x64-baseline/-/opencode-linux-x64-baseline-1.18.25.tgz",
      "integrity": "sha512-+b0w7XyHx0XPQWHBk2JymXbXnyZQ2PjIPuu4a4QJgSUqGuGz1L2flA3wgpZVAWFUhrEIr9DFhBk3AkKKNgMuRw==",
      "cpu": [
        "x64"
      ],
      "optional": true,
      "os": [
        "linux"
      ]
    },
    "node_modules/opencode-linux-x64-baseline-musl": {
      "version": "1.18.25",
      "resolved": "https://registry.npmjs.org/opencode-linux-x64-baseline-musl/-/opencode-linux-x64-baseline-musl-1.18.25.tgz",
      "integrity": "sha512-E2JUeOOSXPbG1cNOzxnqjqkd0a3+oFmwkbJe6bZ308CFgLWBFfVh0fF42HTCEqfK+yYbidpEkQuEkUgxq/11IA==",
      "cpu": [
        "x64"
      ],
      "libc": [
        "musl"
      ],
      "optional": true,
      "os": [
        "linux"
      ]
    },
    "node_modules/opencode-linux-x64-musl": {
      "version": "1.18.25",
      "resolved": "https://registry.npmjs.org/opencode-linux-x64-musl/-/opencode-linux-x64-musl-1.18.25.tgz",
      "integrity": "sha512-W15qTNDz1fsTzs1SkE6bB/gpIDBF3rwDbewUKdbyXD3dVs6umyugOql1T4u9n/gqWa/Z/VDURbn39VsejeSdbQ==",
      "cpu": [
        "x64"
      ],
      "libc": [
        "musl"
      ],
      "optional": true,
      "os": [
        "linux"
      ]
    },
    "node_modules/opencode-windows-arm64": {
      "version": "1.18.25",
      "resolved": "https://registry.npmjs.org/opencode-windows-arm64/-/opencode-windows-arm64-1.18.25.tgz",
      "integrity": "sha512-GFp74pProoPwqktHMf+9wQ8fza1RvFt0RG0iRtTQnJ4VWVY62qEeVuJkH6ki9QXS270HXyqtxvF8AuHQzuVZlA==",
      "cpu": [
        "arm64"
      ],
      "optional": true,
      "os": [
        "win32"
      ]
    },
    "node_modules/opencode-windows-x64": {
      "version": "1.18.25",
      "resolved": "https://registry.npmjs.org/opencode-windows-x64/-/opencode-windows-x64-1.18.25.tgz",
      "integrity": "sha512-xW5wtSxWYbI7DcmQWMlNWIiDBdMJON1vDiEmVWo88R9tT/PaahOhWKgp7FoWDqJKf89jS3ZIzkqnkU3F2dio7A==",
      "cpu": [
        "x64"
      ],
      "optional": true,
      "os": [
        "win32"
      ]
    },
    "node_modules/opencode-windows-x64-baseline": {
      "version": "1.18.25",
      "resolved": "https://registry.npmjs.org/opencode-windows-x64-baseline/-/opencode-windows-x64-baseline-1.18.25.tgz",
      "integrity": "sha512-/28bGRQwT+2JdGbtGaNr95tstgysiULEXtcvgNg7yLDxitqmSVgd8V8XRGS0UWDdfiWWMND9A9T5EAsbF1/xDQ==",
      "cpu": [
        "x64"
      ],
      "optional": true,
      "os": [
        "win32"
      ]
    },
    "node_modules/playwright": {
      "version": "1.63.0",
      "resolved": "https://registry.npmjs.org/playwright/-/playwright-1.63.0.tgz",
      "integrity": "sha512-+7ziBLidS4NaNCdt57SUDT+wYmmd5fmiQejUic/kb+YsYSCPyOOE9sebzMjNmQrsnNpDJqd4WHvV/8lfKfUDUg==",
      "license": "Apache-2.0",
      "dependencies": {
        "playwright-core": "1.63.0"
      },
      "bin": {
        "playwright": "cli.js"
      },
      "engines": {
        "node": ">=20"
      }
    },
    "node_modules/playwright-core": {
      "version": "1.63.0",
      "resolved": "https://registry.npmjs.org/playwright-core/-/playwright-core-1.63.0.tgz",
      "integrity": "sha512-rYCsBF/M5HjUch52bbtVONEFjv6Xu8sm8h72dNlR5bzIE1fvC/bxgspzkjSfU+MweEMmPM8KJebG6nnyxo5mCg==",
      "license": "Apache-2.0",
      "bin": {
        "playwright-core": "cli.js"
      },
      "engines": {
        "node": ">=20"
      }
    },
    "node_modules/typescript": {
      "version": "5.9.3",
      "resolved": "https://registry.npmjs.org/typescript/-/typescript-5.9.3.tgz",
      "integrity": "sha512-jl1vZzPDinLr9eUt3J/t7V6FgNEw9QjvBPdysz9KfQDD41fQrC2Y4vKQdiaUpFT4bXlb1RHhLpp8wtm6M5TgSw==",
      "dev": true,
      "license": "Apache-2.0",
      "bin": {
        "tsc": "bin/tsc",
        "tsserver": "bin/tsserver"
      },
      "engines": {
        "node": ">=14.17"
      }
    },
    "node_modules/undici-types": {
      "version": "6.21.0",
      "resolved": "https://registry.npmjs.org/undici-types/-/undici-types-6.21.0.tgz",
      "integrity": "sha512-iwDZqg0QAGrg9Rav5H4n0M64c3mkR59cJ6wQp+7C4nI0gsmExaedaYLNO44eT4AtBBwjbTiGPMlt2Md0T9H9JQ==",
      "dev": true,
      "license": "MIT"
    },
    "packages/cli": {
      "name": "@bmad-next/cli",
      "version": "0.1.0",
      "license": "MIT",
      "dependencies": {
        "@bmad-next/control-plane": "0.1.0"
      },
      "bin": {
        "bmad-next": "dist/main.js"
      },
      "engines": {
        "node": ">=22"
      }
    },
    "packages/control-plane": {
      "name": "@bmad-next/control-plane",
      "version": "0.1.0",
      "license": "MIT",
      "dependencies": {
        "playwright": "^1.63.0"
      },
      "engines": {
        "node": ">=22"
      }
    },
    "packages/vscode": {
      "name": "bmad-next-vscode",
      "version": "0.1.0",
      "license": "MIT",
      "dependencies": {
        "@bmad-next/control-plane": "0.1.0"
      },
      "engines": {
        "vscode": "^1.95.0"
      }
    }
  }
}
